
Microsoft Visual Studio Solution File, Format Version 12.00
# Visual Studio Version 17
VisualStudioVersion = 17.8.34601.278
MinimumVisualStudioVersion = 10.0.40219.1
Project("{FAE04EC0-301F-11D3-BF4B-00C04F79EFBC}") = "CSharpWork_3", "CSharpWork_3\CSharpWork_3.csproj", "{963F2A57-1ECB-4EC2-B57F-1FE684D494EE}"
EndProject
Global
	GlobalSection(SolutionConfigurationPlatforms) = preSolution
		Debug|Any CPU = Debug|Any CPU
		Release|Any CPU = Release|Any CPU
	EndGlobalSection
	GlobalSection(ProjectConfigurationPlatforms) = postSolution
		{963F2A57-1ECB-4EC2-B57F-1FE684D494EE}.Debug|Any CPU.ActiveCfg = Debug|Any CPU
		{963F2A57-1ECB-4EC2-B57F-1FE684D494EE}.Debug|Any CPU.Build.0 = Debug|Any CPU
		{963F2A57-1ECB-4EC2-B57F-1FE684D494EE}.Release|Any CPU.ActiveCfg = Release|Any CPU
		{963F2A57-1ECB-4EC2-B57F-1FE684D494EE}.Release|Any CPU.Build.0 = Release|Any CPU
	EndGlobalSection
	GlobalSection(SolutionProperties) = preSolution
		HideSolutionNode = FALSE
	EndGlobalSection
	GlobalSection(ExtensibilityGlobals) = postSolution
		SolutionGuid = {BEBA765D-0671-4F9E-826C-A8BEC7A5B1C9}
	EndGlobalSection
EndGlobal
